
Microsoft Visual Studio Solution File, Format Version 12.00
# Visual Studio Version 17
VisualStudioVersion = 17.10.34916.146
MinimumVisualStudioVersion = 10.0.40219.1
Project("{FAE04EC0-301F-11D3-BF4B-00C04F79EFBC}") = "TicketsDataAggregator", "TicketsDataAggregator.csproj", "{163E78D3-EC68-40C5-A606-F3675B3A3196}"
EndProject
Global
	GlobalSection(SolutionConfigurationPlatforms) = preSolution
		Debug|Any CPU = Debug|Any CPU
		Release|Any CPU = Release|Any CPU
	EndGlobalSection
	GlobalSection(ProjectConfigurationPlatforms) = postSolution
		{163E78D3-EC68-40C5-A606-F3675B3A3196}.Debug|Any CPU.ActiveCfg = Debug|Any CPU
		{163E78D3-EC68-40C5-A606-F3675B3A3196}.Debug|Any CPU.Build.0 = Debug|Any CPU
		{163E78D3-EC68-40C5-A606-F3675B3A3196}.Release|Any CPU.ActiveCfg = Release|Any CPU
		{163E78D3-EC68-40C5-A606-F3675B3A3196}.Release|Any CPU.Build.0 = Release|Any CPU
	EndGlobalSection
	GlobalSection(SolutionProperties) = preSolution
		HideSolutionNode = FALSE
	EndGlobalSection
	GlobalSection(ExtensibilityGlobals) = postSolution
		SolutionGuid = {544963F6-EA6B-46DC-BEA0-652F44D6259B}
	EndGlobalSection
EndGlobal
